// !$*UTF8*$!
{
	archiveVersion = 1;
	classes = {
	};
	objectVersion = 46;
	objects = {

/* Begin PBXBuildFile section */
		492F616B15BA89740027E770 /* FMDatabase.m in Sources */ = {isa = PBXBuildFile; fileRef = 492F616115BA89740027E770 /* FMDatabase.m */; };
		492F616C15BA89740027E770 /* FMDatabaseAdditions.m in Sources */ = {isa = PBXBuildFile; fileRef = 492F616315BA89740027E770 /* FMDatabaseAdditions.m */; };
		492F616D15BA89740027E770 /* FMDatabasePool.m in Sources */ = {isa = PBXBuildFile; fileRef = 492F616515BA89740027E770 /* FMDatabasePool.m */; };
		492F616E15BA89740027E770 /* FMDatabaseQueue.m in Sources */ = {isa = PBXBuildFile; fileRef = 492F616715BA89740027E770 /* FMDatabaseQueue.m */; };
		492F617015BA89740027E770 /* FMResultSet.m in Sources */ = {isa = PBXBuildFile; fileRef = 492F616A15BA89740027E770 /* FMResultSet.m */; };
		492F617515BA8B8F0027E770 /* libsqlite3.0.dylib in Frameworks */ = {isa = PBXBuildFile; fileRef = 492F617415BA8B8F0027E770 /* libsqlite3.0.dylib */; };
		492F617E15BA8EA10027E770 /* TFDataAccess.m in Sources */ = {isa = PBXBuildFile; fileRef = 492F617D15BA8EA10027E770 /* TFDataAccess.m */; };
		492F618115BA978A0027E770 /* TFResources.m in Sources */ = {isa = PBXBuildFile; fileRef = 492F618015BA978A0027E770 /* TFResources.m */; };
		4970F6771584684A00DE22B6 /* TFDocumentsViewController.m in Sources */ = {isa = PBXBuildFile; fileRef = 4970F6761584684A00DE22B6 /* TFDocumentsViewController.m */; };
		4970F67C15846A7900DE22B6 /* TFDocumentsTableView.m in Sources */ = {isa = PBXBuildFile; fileRef = 4970F67B15846A7900DE22B6 /* TFDocumentsTableView.m */; };
		4984BF5315B2A8FD005B38B7 /* content.db3 in Resources */ = {isa = PBXBuildFile; fileRef = 4984BF4815B2A7BA005B38B7 /* content.db3 */; };
		4984BF5415B2A8FD005B38B7 /* back.png in Resources */ = {isa = PBXBuildFile; fileRef = 4984BF4A15B2A7BA005B38B7 /* back.png */; };
		4984BF5515B2A8FD005B38B7 /* back@2x.png in Resources */ = {isa = PBXBuildFile; fileRef = 4984BF4B15B2A7BA005B38B7 /* back@2x.png */; };
		4984BF5615B2A8FD005B38B7 /* X.png in Resources */ = {isa = PBXBuildFile; fileRef = 4984BF4C15B2A7BA005B38B7 /* X.png */; };
		4984BF5715B2A8FD005B38B7 /* X@2x.png in Resources */ = {isa = PBXBuildFile; fileRef = 4984BF4D15B2A7BA005B38B7 /* X@2x.png */; };
		49B10D7B15BD30E6001E5AFF /* TFArticle.m in Sources */ = {isa = PBXBuildFile; fileRef = 49B10D7A15BD30E6001E5AFF /* TFArticle.m */; };
		49D9923C1564C3C9006F5D90 /* UIKit.framework in Frameworks */ = {isa = PBXBuildFile; fileRef = 49D9923B1564C3C9006F5D90 /* UIKit.framework */; };
		49D9923E1564C3C9006F5D90 /* Foundation.framework in Frameworks */ = {isa = PBXBuildFile; fileRef = 49D9923D1564C3C9006F5D90 /* Foundation.framework */; };
		49D992401564C3C9006F5D90 /* CoreGraphics.framework in Frameworks */ = {isa = PBXBuildFile; fileRef = 49D9923F1564C3C9006F5D90 /* CoreGraphics.framework */; };
		49D992421564C3C9006F5D90 /* CoreData.framework in Frameworks */ = {isa = PBXBuildFile; fileRef = 49D992411564C3C9006F5D90 /* CoreData.framework */; };
		49D992481564C3C9006F5D90 /* InfoPlist.strings in Resources */ = {isa = PBXBuildFile; fileRef = 49D992461564C3C9006F5D90 /* InfoPlist.strings */; };
		49D9924A1564C3C9006F5D90 /* main.m in Sources */ = {isa = PBXBuildFile; fileRef = 49D992491564C3C9006F5D90 /* main.m */; };
		49D9924E1564C3C9006F5D90 /* TFAppDelegate.m in Sources */ = {isa = PBXBuildFile; fileRef = 49D9924D1564C3C9006F5D90 /* TFAppDelegate.m */; };
		49D992511564C3C9006F5D90 /* threeforms.xcdatamodeld in Sources */ = {isa = PBXBuildFile; fileRef = 49D9924F1564C3C9006F5D90 /* threeforms.xcdatamodeld */; };
		49D9925B1564C3F4006F5D90 /* TFContentScrollView.m in Sources */ = {isa = PBXBuildFile; fileRef = 49D992571564C3F4006F5D90 /* TFContentScrollView.m */; };
		49D9925C1564C3F4006F5D90 /* TFMainViewController.m in Sources */ = {isa = PBXBuildFile; fileRef = 49D9925A1564C3F4006F5D90 /* TFMainViewController.m */; };
/* End PBXBuildFile section */

/* Begin PBXFileReference section */
		492F616015BA89740027E770 /* FMDatabase.h */ = {isa = PBXFileReference; fileEncoding = 4; lastKnownFileType = sourcecode.c.h; path = FMDatabase.h; sourceTree = "<group>"; };
		492F616115BA89740027E770 /* FMDatabase.m */ = {isa = PBXFileReference; fileEncoding = 4; lastKnownFileType = sourcecode.c.objc; path = FMDatabase.m; sourceTree = "<group>"; };
		492F616215BA89740027E770 /* FMDatabaseAdditions.h */ = {isa = PBXFileReference; fileEncoding = 4; lastKnownFileType = sourcecode.c.h; path = FMDatabaseAdditions.h; sourceTree = "<group>"; };
		492F616315BA89740027E770 /* FMDatabaseAdditions.m */ = {isa = PBXFileReference; fileEncoding = 4; lastKnownFileType = sourcecode.c.objc; path = FMDatabaseAdditions.m; sourceTree = "<group>"; };
		492F616415BA89740027E770 /* FMDatabasePool.h */ = {isa = PBXFileReference; fileEncoding = 4; lastKnownFileType = sourcecode.c.h; path = FMDatabasePool.h; sourceTree = "<group>"; };
		492F616515BA89740027E770 /* FMDatabasePool.m */ = {isa = PBXFileReference; fileEncoding = 4; lastKnownFileType = sourcecode.c.objc; path = FMDatabasePool.m; sourceTree = "<group>"; };
		492F616615BA89740027E770 /* FMDatabaseQueue.h */ = {isa = PBXFileReference; fileEncoding = 4; lastKnownFileType = sourcecode.c.h; path = FMDatabaseQueue.h; sourceTree = "<group>"; };
		492F616715BA89740027E770 /* FMDatabaseQueue.m */ = {isa = PBXFileReference; fileEncoding = 4; lastKnownFileType = sourcecode.c.objc; path = FMDatabaseQueue.m; sourceTree = "<group>"; };
		492F616915BA89740027E770 /* FMResultSet.h */ = {isa = PBXFileReference; fileEncoding = 4; lastKnownFileType = sourcecode.c.h; path = FMResultSet.h; sourceTree = "<group>"; };
		492F616A15BA89740027E770 /* FMResultSet.m */ = {isa = PBXFileReference; fileEncoding = 4; lastKnownFileType = sourcecode.c.objc; path = FMResultSet.m; sourceTree = "<group>"; };
		492F617415BA8B8F0027E770 /* libsqlite3.0.dylib */ = {isa = PBXFileReference; lastKnownFileType = "compiled.mach-o.dylib"; name = libsqlite3.0.dylib; path = usr/lib/libsqlite3.0.dylib; sourceTree = SDKROOT; };
		492F617C15BA8EA10027E770 /* TFDataAccess.h */ = {isa = PBXFileReference; fileEncoding = 4; lastKnownFileType = sourcecode.c.h; path = TFDataAccess.h; sourceTree = "<group>"; };
		492F617D15BA8EA10027E770 /* TFDataAccess.m */ = {isa = PBXFileReference; fileEncoding = 4; lastKnownFileType = sourcecode.c.objc; path = TFDataAccess.m; sourceTree = "<group>"; };
		492F617F15BA978A0027E770 /* TFResources.h */ = {isa = PBXFileReference; fileEncoding = 4; lastKnownFileType = sourcecode.c.h; path = TFResources.h; sourceTree = "<group>"; };
		492F618015BA978A0027E770 /* TFResources.m */ = {isa = PBXFileReference; fileEncoding = 4; lastKnownFileType = sourcecode.c.objc; path = TFResources.m; sourceTree = "<group>"; };
		4970F6751584684A00DE22B6 /* TFDocumentsViewController.h */ = {isa = PBXFileReference; fileEncoding = 4; lastKnownFileType = sourcecode.c.h; path = TFDocumentsViewController.h; sourceTree = "<group>"; };
		4970F6761584684A00DE22B6 /* TFDocumentsViewController.m */ = {isa = PBXFileReference; fileEncoding = 4; lastKnownFileType = sourcecode.c.objc; path = TFDocumentsViewController.m; sourceTree = "<group>"; };
		4970F67A15846A7900DE22B6 /* TFDocumentsTableView.h */ = {isa = PBXFileReference; fileEncoding = 4; lastKnownFileType = sourcecode.c.h; path = TFDocumentsTableView.h; sourceTree = "<group>"; };
		4970F67B15846A7900DE22B6 /* TFDocumentsTableView.m */ = {isa = PBXFileReference; fileEncoding = 4; lastKnownFileType = sourcecode.c.objc; path = TFDocumentsTableView.m; sourceTree = "<group>"; };
		4984BF4815B2A7BA005B38B7 /* content.db3 */ = {isa = PBXFileReference; lastKnownFileType = file; path = content.db3; sourceTree = "<group>"; };
		4984BF4A15B2A7BA005B38B7 /* back.png */ = {isa = PBXFileReference; lastKnownFileType = image.png; path = back.png; sourceTree = "<group>"; };
		4984BF4B15B2A7BA005B38B7 /* back@2x.png */ = {isa = PBXFileReference; lastKnownFileType = image.png; path = "back@2x.png"; sourceTree = "<group>"; };
		4984BF4C15B2A7BA005B38B7 /* X.png */ = {isa = PBXFileReference; lastKnownFileType = image.png; path = X.png; sourceTree = "<group>"; };
		4984BF4D15B2A7BA005B38B7 /* X@2x.png */ = {isa = PBXFileReference; lastKnownFileType = image.png; path = "X@2x.png"; sourceTree = "<group>"; };
		49B10D7915BD30E6001E5AFF /* TFArticle.h */ = {isa = PBXFileReference; fileEncoding = 4; lastKnownFileType = sourcecode.c.h; path = TFArticle.h; sourceTree = "<group>"; };
		49B10D7A15BD30E6001E5AFF /* TFArticle.m */ = {isa = PBXFileReference; fileEncoding = 4; lastKnownFileType = sourcecode.c.objc; path = TFArticle.m; sourceTree = "<group>"; };
		49D992371564C3C9006F5D90 /* threeforms.app */ = {isa = PBXFileReference; explicitFileType = wrapper.application; includeInIndex = 0; path = threeforms.app; sourceTree = BUILT_PRODUCTS_DIR; };
		49D9923B1564C3C9006F5D90 /* UIKit.framework */ = {isa = PBXFileReference; lastKnownFileType = wrapper.framework; name = UIKit.framework; path = System/Library/Frameworks/UIKit.framework; sourceTree = SDKROOT; };
		49D9923D1564C3C9006F5D90 /* Foundation.framework */ = {isa = PBXFileReference; lastKnownFileType = wrapper.framework; name = Foundation.framework; path = System/Library/Frameworks/Foundation.framework; sourceTree = SDKROOT; };
		49D9923F1564C3C9006F5D90 /* CoreGraphics.framework */ = {isa = PBXFileReference; lastKnownFileType = wrapper.framework; name = CoreGraphics.framework; path = System/Library/Frameworks/CoreGraphics.framework; sourceTree = SDKROOT; };
		49D992411564C3C9006F5D90 /* CoreData.framework */ = {isa = PBXFileReference; lastKnownFileType = wrapper.framework; name = CoreData.framework; path = System/Library/Frameworks/CoreData.framework; sourceTree = SDKROOT; };
		49D992451564C3C9006F5D90 /* threeforms-Info.plist */ = {isa = PBXFileReference; lastKnownFileType = text.plist.xml; path = "threeforms-Info.plist"; sourceTree = "<group>"; };
		49D992471564C3C9006F5D90 /* en */ = {isa = PBXFileReference; lastKnownFileType = text.plist.strings; name = en; path = en.lproj/InfoPlist.strings; sourceTree = "<group>"; };
		49D992491564C3C9006F5D90 /* main.m */ = {isa = PBXFileReference; lastKnownFileType = sourcecode.c.objc; path = main.m; sourceTree = "<group>"; };
		49D9924B1564C3C9006F5D90 /* threeforms-Prefix.pch */ = {isa = PBXFileReference; lastKnownFileType = sourcecode.c.h; path = "threeforms-Prefix.pch"; sourceTree = "<group>"; };
		49D9924C1564C3C9006F5D90 /* TFAppDelegate.h */ = {isa = PBXFileReference; lastKnownFileType = sourcecode.c.h; path = TFAppDelegate.h; sourceTree = "<group>"; };
		49D9924D1564C3C9006F5D90 /* TFAppDelegate.m */ = {isa = PBXFileReference; lastKnownFileType = sourcecode.c.objc; path = TFAppDelegate.m; sourceTree = "<group>"; };
		49D992501564C3C9006F5D90 /* threeforms.xcdatamodel */ = {isa = PBXFileReference; lastKnownFileType = wrapper.xcdatamodel; path = threeforms.xcdatamodel; sourceTree = "<group>"; };
		49D992571564C3F4006F5D90 /* TFContentScrollView.m */ = {isa = PBXFileReference; fileEncoding = 4; lastKnownFileType = sourcecode.c.objc; path = TFContentScrollView.m; sourceTree = "<group>"; };
		49D992581564C3F4006F5D90 /* TFMainViewController.h */ = {isa = PBXFileReference; fileEncoding = 4; lastKnownFileType = sourcecode.c.h; path = TFMainViewController.h; sourceTree = "<group>"; };
		49D992591564C3F4006F5D90 /* TFContentScrollView.h */ = {isa = PBXFileReference; fileEncoding = 4; lastKnownFileType = sourcecode.c.h; path = TFContentScrollView.h; sourceTree = "<group>"; };
		49D9925A1564C3F4006F5D90 /* TFMainViewController.m */ = {isa = PBXFileReference; fileEncoding = 4; lastKnownFileType = sourcecode.c.objc; path = TFMainViewController.m; sourceTree = "<group>"; };
/* End PBXFileReference section */

/* Begin PBXFrameworksBuildPhase section */
		49D992341564C3C9006F5D90 /* Frameworks */ = {
			isa = PBXFrameworksBuildPhase;
			buildActionMask = 2147483647;
			files = (
				492F617515BA8B8F0027E770 /* libsqlite3.0.dylib in Frameworks */,
				49D9923C1564C3C9006F5D90 /* UIKit.framework in Frameworks */,
				49D9923E1564C3C9006F5D90 /* Foundation.framework in Frameworks */,
				49D992401564C3C9006F5D90 /* CoreGraphics.framework in Frameworks */,
				49D992421564C3C9006F5D90 /* CoreData.framework in Frameworks */,
			);
			runOnlyForDeploymentPostprocessing = 0;
		};
/* End PBXFrameworksBuildPhase section */

/* Begin PBXGroup section */
		492F615E15BA890D0027E770 /* lib */ = {
			isa = PBXGroup;
			children = (
				49B10D7715BD306B001E5AFF /* Models */,
				492F617615BA8CF80027E770 /* DataAccess */,
				492F617315BA8B470027E770 /* fmdb */,
			);
			name = lib;
			sourceTree = "<group>";
		};
		492F617315BA8B470027E770 /* fmdb */ = {
			isa = PBXGroup;
			children = (
				492F616015BA89740027E770 /* FMDatabase.h */,
				492F616115BA89740027E770 /* FMDatabase.m */,
				492F616215BA89740027E770 /* FMDatabaseAdditions.h */,
				492F616315BA89740027E770 /* FMDatabaseAdditions.m */,
				492F616415BA89740027E770 /* FMDatabasePool.h */,
				492F616515BA89740027E770 /* FMDatabasePool.m */,
				492F616615BA89740027E770 /* FMDatabaseQueue.h */,
				492F616715BA89740027E770 /* FMDatabaseQueue.m */,
				492F616915BA89740027E770 /* FMResultSet.h */,
				492F616A15BA89740027E770 /* FMResultSet.m */,
			);
			name = fmdb;
			sourceTree = "<group>";
		};
		492F617615BA8CF80027E770 /* DataAccess */ = {
			isa = PBXGroup;
			children = (
				492F617C15BA8EA10027E770 /* TFDataAccess.h */,
				492F617D15BA8EA10027E770 /* TFDataAccess.m */,
			);
			name = DataAccess;
			sourceTree = "<group>";
		};
		492F617A15BA8E2D0027E770 /* ui */ = {
			isa = PBXGroup;
			children = (
				4970F6791584686500DE22B6 /* Documents Menu */,
				49D992591564C3F4006F5D90 /* TFContentScrollView.h */,
				49D992571564C3F4006F5D90 /* TFContentScrollView.m */,
				49D992581564C3F4006F5D90 /* TFMainViewController.h */,
				49D9925A1564C3F4006F5D90 /* TFMainViewController.m */,
			);
			name = ui;
			sourceTree = "<group>";
		};
		4970F6791584686500DE22B6 /* Documents Menu */ = {
			isa = PBXGroup;
			children = (
				4970F6751584684A00DE22B6 /* TFDocumentsViewController.h */,
				4970F6761584684A00DE22B6 /* TFDocumentsViewController.m */,
				4970F67A15846A7900DE22B6 /* TFDocumentsTableView.h */,
				4970F67B15846A7900DE22B6 /* TFDocumentsTableView.m */,
			);
			name = "Documents Menu";
			sourceTree = "<group>";
		};
		4984BF4615B2A7BA005B38B7 /* assets */ = {
			isa = PBXGroup;
			children = (
				4984BF4715B2A7BA005B38B7 /* db */,
				4984BF4915B2A7BA005B38B7 /* images */,
			);
			path = assets;
			sourceTree = "<group>";
		};
		4984BF4715B2A7BA005B38B7 /* db */ = {
			isa = PBXGroup;
			children = (
				4984BF4815B2A7BA005B38B7 /* content.db3 */,
			);
			path = db;
			sourceTree = "<group>";
		};
		4984BF4915B2A7BA005B38B7 /* images */ = {
			isa = PBXGroup;
			children = (
				4984BF4A15B2A7BA005B38B7 /* back.png */,
				4984BF4B15B2A7BA005B38B7 /* back@2x.png */,
				4984BF4C15B2A7BA005B38B7 /* X.png */,
				4984BF4D15B2A7BA005B38B7 /* X@2x.png */,
			);
			path = images;
			sourceTree = "<group>";
		};
		49B10D7715BD306B001E5AFF /* Models */ = {
			isa = PBXGroup;
			children = (
				49B10D7915BD30E6001E5AFF /* TFArticle.h */,
				49B10D7A15BD30E6001E5AFF /* TFArticle.m */,
			);
			name = Models;
			sourceTree = "<group>";
		};
		49D9922C1564C3C8006F5D90 = {
			isa = PBXGroup;
			children = (
				4984BF4615B2A7BA005B38B7 /* assets */,
				49D9923A1564C3C9006F5D90 /* Frameworks */,
				49D992381564C3C9006F5D90 /* Products */,
				49D992431564C3C9006F5D90 /* threeforms */,
			);
			sourceTree = "<group>";
		};
		49D992381564C3C9006F5D90 /* Products */ = {
			isa = PBXGroup;
			children = (
				49D992371564C3C9006F5D90 /* threeforms.app */,
			);
			name = Products;
			sourceTree = "<group>";
		};
		49D9923A1564C3C9006F5D90 /* Frameworks */ = {
			isa = PBXGroup;
			children = (
				492F617415BA8B8F0027E770 /* libsqlite3.0.dylib */,
				49D9923B1564C3C9006F5D90 /* UIKit.framework */,
				49D9923D1564C3C9006F5D90 /* Foundation.framework */,
				49D9923F1564C3C9006F5D90 /* CoreGraphics.framework */,
				49D992411564C3C9006F5D90 /* CoreData.framework */,
			);
			name = Frameworks;
			sourceTree = "<group>";
		};
		49D992431564C3C9006F5D90 /* threeforms */ = {
			isa = PBXGroup;
			children = (
				492F615E15BA890D0027E770 /* lib */,
				49D992441564C3C9006F5D90 /* Supporting Files */,
				49D9924C1564C3C9006F5D90 /* TFAppDelegate.h */,
				49D9924D1564C3C9006F5D90 /* TFAppDelegate.m */,
				492F617F15BA978A0027E770 /* TFResources.h */,
				492F618015BA978A0027E770 /* TFResources.m */,
				49D9924F1564C3C9006F5D90 /* threeforms.xcdatamodeld */,
				492F617A15BA8E2D0027E770 /* ui */,
			);
			path = threeforms;
			sourceTree = "<group>";
		};
		49D992441564C3C9006F5D90 /* Supporting Files */ = {
			isa = PBXGroup;
			children = (
				49D992451564C3C9006F5D90 /* threeforms-Info.plist */,
				49D992461564C3C9006F5D90 /* InfoPlist.strings */,
				49D992491564C3C9006F5D90 /* main.m */,
				49D9924B1564C3C9006F5D90 /* threeforms-Prefix.pch */,
			);
			name = "Supporting Files";
			sourceTree = "<group>";
		};
/* End PBXGroup section */

/* Begin PBXNativeTarget section */
		49D992361564C3C9006F5D90 /* threeforms */ = {
			isa = PBXNativeTarget;
			buildConfigurationList = 49D992541564C3C9006F5D90 /* Build configuration list for PBXNativeTarget "threeforms" */;
			buildPhases = (
				4984BF3915B2A101005B38B7 /* ShellScript */,
				49D992331564C3C9006F5D90 /* Sources */,
				49D992341564C3C9006F5D90 /* Frameworks */,
				49D992351564C3C9006F5D90 /* Resources */,
			);
			buildRules = (
			);
			dependencies = (
			);
			name = threeforms;
			productName = threeforms;
			productReference = 49D992371564C3C9006F5D90 /* threeforms.app */;
			productType = "com.apple.product-type.application";
		};
/* End PBXNativeTarget section */

/* Begin PBXProject section */
		49D9922E1564C3C8006F5D90 /* Project object */ = {
			isa = PBXProject;
			attributes = {
				LastUpgradeCheck = 0420;
			};
			buildConfigurationList = 49D992311564C3C8006F5D90 /* Build configuration list for PBXProject "threeforms" */;
			compatibilityVersion = "Xcode 3.2";
			developmentRegion = English;
			hasScannedForEncodings = 0;
			knownRegions = (
				en,
			);
			mainGroup = 49D9922C1564C3C8006F5D90;
			productRefGroup = 49D992381564C3C9006F5D90 /* Products */;
			projectDirPath = "";
			projectRoot = "";
			targets = (
				49D992361564C3C9006F5D90 /* threeforms */,
			);
		};
/* End PBXProject section */

/* Begin PBXResourcesBuildPhase section */
		49D992351564C3C9006F5D90 /* Resources */ = {
			isa = PBXResourcesBuildPhase;
			buildActionMask = 2147483647;
			files = (
				4984BF5315B2A8FD005B38B7 /* content.db3 in Resources */,
				4984BF5415B2A8FD005B38B7 /* back.png in Resources */,
				4984BF5515B2A8FD005B38B7 /* back@2x.png in Resources */,
				4984BF5615B2A8FD005B38B7 /* X.png in Resources */,
				4984BF5715B2A8FD005B38B7 /* X@2x.png in Resources */,
				49D992481564C3C9006F5D90 /* InfoPlist.strings in Resources */,
			);
			runOnlyForDeploymentPostprocessing = 0;
		};
/* End PBXResourcesBuildPhase section */

/* Begin PBXShellScriptBuildPhase section */
		4984BF3915B2A101005B38B7 /* ShellScript */ = {
			isa = PBXShellScriptBuildPhase;
			buildActionMask = 2147483647;
			files = (
			);
			inputPaths = (
			);
			outputPaths = (
			);
			runOnlyForDeploymentPostprocessing = 0;
			shellPath = /bin/sh;
			shellScript = "cd dataLoader\n/usr/local/bin/node loader.js";
		};
/* End PBXShellScriptBuildPhase section */

/* Begin PBXSourcesBuildPhase section */
		49D992331564C3C9006F5D90 /* Sources */ = {
			isa = PBXSourcesBuildPhase;
			buildActionMask = 2147483647;
			files = (
				49D9924A1564C3C9006F5D90 /* main.m in Sources */,
				49D9924E1564C3C9006F5D90 /* TFAppDelegate.m in Sources */,
				49D992511564C3C9006F5D90 /* threeforms.xcdatamodeld in Sources */,
				49D9925B1564C3F4006F5D90 /* TFContentScrollView.m in Sources */,
				49D9925C1564C3F4006F5D90 /* TFMainViewController.m in Sources */,
				4970F6771584684A00DE22B6 /* TFDocumentsViewController.m in Sources */,
				4970F67C15846A7900DE22B6 /* TFDocumentsTableView.m in Sources */,
				492F616B15BA89740027E770 /* FMDatabase.m in Sources */,
				492F616C15BA89740027E770 /* FMDatabaseAdditions.m in Sources */,
				492F616D15BA89740027E770 /* FMDatabasePool.m in Sources */,
				492F616E15BA89740027E770 /* FMDatabaseQueue.m in Sources */,
				492F617015BA89740027E770 /* FMResultSet.m in Sources */,
				492F617E15BA8EA10027E770 /* TFDataAccess.m in Sources */,
				492F618115BA978A0027E770 /* TFResources.m in Sources */,
				49B10D7B15BD30E6001E5AFF /* TFArticle.m in Sources */,
			);
			runOnlyForDeploymentPostprocessing = 0;
		};
/* End PBXSourcesBuildPhase section */

/* Begin PBXVariantGroup section */
		49D992461564C3C9006F5D90 /* InfoPlist.strings */ = {
			isa = PBXVariantGroup;
			children = (
				49D992471564C3C9006F5D90 /* en */,
			);
			name = InfoPlist.strings;
			sourceTree = "<group>";
		};
/* End PBXVariantGroup section */

/* Begin XCBuildConfiguration section */
		49D992521564C3C9006F5D90 /* Debug */ = {
			isa = XCBuildConfiguration;
			buildSettings = {
				ALWAYS_SEARCH_USER_PATHS = NO;
				ARCHS = "$(ARCHS_STANDARD_32_BIT)";
				CLANG_ENABLE_OBJC_ARC = YES;
				"CODE_SIGN_IDENTITY[sdk=iphoneos*]" = "iPhone Developer";
				COPY_PHASE_STRIP = NO;
				GCC_C_LANGUAGE_STANDARD = gnu99;
				GCC_DYNAMIC_NO_PIC = NO;
				GCC_OPTIMIZATION_LEVEL = 0;
				GCC_PREPROCESSOR_DEFINITIONS = (
					"DEBUG=1",
					"$(inherited)",
				);
				GCC_SYMBOLS_PRIVATE_EXTERN = NO;
				GCC_VERSION = com.apple.compilers.llvm.clang.1_0;
				GCC_WARN_ABOUT_MISSING_PROTOTYPES = YES;
				GCC_WARN_ABOUT_RETURN_TYPE = YES;
				GCC_WARN_UNUSED_VARIABLE = YES;
				IPHONEOS_DEPLOYMENT_TARGET = 5.0;
				SDKROOT = iphoneos;
			};
			name = Debug;
		};
		49D992531564C3C9006F5D90 /* Release */ = {
			isa = XCBuildConfiguration;
			buildSettings = {
				ALWAYS_SEARCH_USER_PATHS = NO;
				ARCHS = "$(ARCHS_STANDARD_32_BIT)";
				CLANG_ENABLE_OBJC_ARC = YES;
				"CODE_SIGN_IDENTITY[sdk=iphoneos*]" = "iPhone Developer";
				COPY_PHASE_STRIP = YES;
				GCC_C_LANGUAGE_STANDARD = gnu99;
				GCC_VERSION = com.apple.compilers.llvm.clang.1_0;
				GCC_WARN_ABOUT_MISSING_PROTOTYPES = YES;
				GCC_WARN_ABOUT_RETURN_TYPE = YES;
				GCC_WARN_UNUSED_VARIABLE = YES;
				IPHONEOS_DEPLOYMENT_TARGET = 5.0;
				OTHER_CFLAGS = "-DNS_BLOCK_ASSERTIONS=1";
				SDKROOT = iphoneos;
				VALIDATE_PRODUCT = YES;
			};
			name = Release;
		};
		49D992551564C3C9006F5D90 /* Debug */ = {
			isa = XCBuildConfiguration;
			buildSettings = {
				GCC_PRECOMPILE_PREFIX_HEADER = YES;
				GCC_PREFIX_HEADER = "threeforms/threeforms-Prefix.pch";
				INFOPLIST_FILE = "threeforms/threeforms-Info.plist";
				PRODUCT_NAME = "$(TARGET_NAME)";
				WRAPPER_EXTENSION = app;
			};
			name = Debug;
		};
		49D992561564C3C9006F5D90 /* Release */ = {
			isa = XCBuildConfiguration;
			buildSettings = {
				GCC_PRECOMPILE_PREFIX_HEADER = YES;
				GCC_PREFIX_HEADER = "threeforms/threeforms-Prefix.pch";
				INFOPLIST_FILE = "threeforms/threeforms-Info.plist";
				PRODUCT_NAME = "$(TARGET_NAME)";
				WRAPPER_EXTENSION = app;
			};
			name = Release;
		};
/* End XCBuildConfiguration section */

/* Begin XCConfigurationList section */
		49D992311564C3C8006F5D90 /* Build configuration list for PBXProject "threeforms" */ = {
			isa = XCConfigurationList;
			buildConfigurations = (
				49D992521564C3C9006F5D90 /* Debug */,
				49D992531564C3C9006F5D90 /* Release */,
			);
			defaultConfigurationIsVisible = 0;
			defaultConfigurationName = Release;
		};
		49D992541564C3C9006F5D90 /* Build configuration list for PBXNativeTarget "threeforms" */ = {
			isa = XCConfigurationList;
			buildConfigurations = (
				49D992551564C3C9006F5D90 /* Debug */,
				49D992561564C3C9006F5D90 /* Release */,
			);
			defaultConfigurationIsVisible = 0;
			defaultConfigurationName = Release;
		};
/* End XCConfigurationList section */

/* Begin XCVersionGroup section */
		49D9924F1564C3C9006F5D90 /* threeforms.xcdatamodeld */ = {
			isa = XCVersionGroup;
			children = (
				49D992501564C3C9006F5D90 /* threeforms.xcdatamodel */,
			);
			currentVersion = 49D992501564C3C9006F5D90 /* threeforms.xcdatamodel */;
			path = threeforms.xcdatamodeld;
			sourceTree = "<group>";
			versionGroupType = wrapper.xcdatamodel;
		};
/* End XCVersionGroup section */
	};
	rootObject = 49D9922E1564C3C8006F5D90 /* Project object */;
}
